
Microsoft Visual Studio Solution File, Format Version 12.00
# Visual Studio Version 16
VisualStudioVersion = 16.0.31729.503
MinimumVisualStudioVersion = 10.0.40219.1
Project("{FAE04EC0-301F-11D3-BF4B-00C04F79EFBC}") = "ServerCodeMtk-P2-20190140037", "ServerCodeMtk-P2-20190140037\ServerCodeMtk-P2-20190140037.csproj", "{77047977-06A6-491D-ACC2-F993C8FF8F49}"
EndProject
Global
	GlobalSection(SolutionConfigurationPlatforms) = preSolution
		Debug|Any CPU = Debug|Any CPU
		Release|Any CPU = Release|Any CPU
	EndGlobalSection
	GlobalSection(ProjectConfigurationPlatforms) = postSolution
		{77047977-06A6-491D-ACC2-F993C8FF8F49}.Debug|Any CPU.ActiveCfg = Debug|Any CPU
		{77047977-06A6-491D-ACC2-F993C8FF8F49}.Debug|Any CPU.Build.0 = Debug|Any CPU
		{77047977-06A6-491D-ACC2-F993C8FF8F49}.Release|Any CPU.ActiveCfg = Release|Any CPU
		{77047977-06A6-491D-ACC2-F993C8FF8F49}.Release|Any CPU.Build.0 = Release|Any CPU
	EndGlobalSection
	GlobalSection(SolutionProperties) = preSolution
		HideSolutionNode = FALSE
	EndGlobalSection
	GlobalSection(ExtensibilityGlobals) = postSolution
		SolutionGuid = {5DC0F71A-79E5-456D-B567-E0DAB3DFDB22}
	EndGlobalSection
EndGlobal
